
Microsoft Visual Studio Solution File, Format Version 12.00
# Visual Studio Version 17
VisualStudioVersion = 17.3.32929.385
MinimumVisualStudioVersion = 10.0.40219.1
Project("{FAE04EC0-301F-11D3-BF4B-00C04F79EFBC}") = "BlazorEcommerce_Prototype.Server", "BlazorEcommerce_Prototype\Server\BlazorEcommerce_Prototype.Server.csproj", "{18E20C41-C066-4B78-9AE8-9D6172908F66}"
EndProject
Project("{FAE04EC0-301F-11D3-BF4B-00C04F79EFBC}") = "BlazorEcommerce_Prototype.Client", "BlazorEcommerce_Prototype\Client\BlazorEcommerce_Prototype.Client.csproj", "{6AB5447C-E642-4718-B677-E4B8E9FA8CF5}"
EndProject
Project("{FAE04EC0-301F-11D3-BF4B-00C04F79EFBC}") = "BlazorEcommerce_Prototype.Shared", "BlazorEcommerce_Prototype\Shared\BlazorEcommerce_Prototype.Shared.csproj", "{86ED7B44-7189-4CDD-AC12-83BA9214AAD0}"
EndProject
Global
	GlobalSection(SolutionConfigurationPlatforms) = preSolution
		Debug|Any CPU = Debug|Any CPU
		Release|Any CPU = Release|Any CPU
	EndGlobalSection
	GlobalSection(ProjectConfigurationPlatforms) = postSolution
		{18E20C41-C066-4B78-9AE8-9D6172908F66}.Debug|Any CPU.ActiveCfg = Debug|Any CPU
		{18E20C41-C066-4B78-9AE8-9D6172908F66}.Debug|Any CPU.Build.0 = Debug|Any CPU
		{18E20C41-C066-4B78-9AE8-9D6172908F66}.Release|Any CPU.ActiveCfg = Release|Any CPU
		{18E20C41-C066-4B78-9AE8-9D6172908F66}.Release|Any CPU.Build.0 = Release|Any CPU
		{6AB5447C-E642-4718-B677-E4B8E9FA8CF5}.Debug|Any CPU.ActiveCfg = Debug|Any CPU
		{6AB5447C-E642-4718-B677-E4B8E9FA8CF5}.Debug|Any CPU.Build.0 = Debug|Any CPU
		{6AB5447C-E642-4718-B677-E4B8E9FA8CF5}.Release|Any CPU.ActiveCfg = Release|Any CPU
		{6AB5447C-E642-4718-B677-E4B8E9FA8CF5}.Release|Any CPU.Build.0 = Release|Any CPU
		{86ED7B44-7189-4CDD-AC12-83BA9214AAD0}.Debug|Any CPU.ActiveCfg = Debug|Any CPU
		{86ED7B44-7189-4CDD-AC12-83BA9214AAD0}.Debug|Any CPU.Build.0 = Debug|Any CPU
		{86ED7B44-7189-4CDD-AC12-83BA9214AAD0}.Release|Any CPU.ActiveCfg = Release|Any CPU
		{86ED7B44-7189-4CDD-AC12-83BA9214AAD0}.Release|Any CPU.Build.0 = Release|Any CPU
	EndGlobalSection
	GlobalSection(SolutionProperties) = preSolution
		HideSolutionNode = FALSE
	EndGlobalSection
	GlobalSection(ExtensibilityGlobals) = postSolution
		SolutionGuid = {FEB24C5D-23A5-463B-8EC0-744471F457B6}
	EndGlobalSection
EndGlobal
